{
  "version": 4,
  "terraform_version": "1.12.0",
  "serial": 24,
  "lineage": "527259aa-b130-96b7-a4b9-a83fa6e7fc06",
  "outputs": {},
  "resources": [
    {
      "mode": "managed",
      "type": "google_container_cluster",
      "name": "techworld",
      "provider": "provider[\"registry.terraform.io/hashicorp/google\"]",
      "instances": [
        {
          "schema_version": 2,
          "attributes": {
            "addons_config": [
              {
                "cloudrun_config": [],
                "config_connector_config": [],
                "dns_cache_config": [],
                "gce_persistent_disk_csi_driver_config": [
                  {
                    "enabled": true
                  }
                ],
                "gcp_filestore_csi_driver_config": [],
                "gcs_fuse_csi_driver_config": [],
                "gke_backup_agent_config": [],
                "horizontal_pod_autoscaling": [],
                "http_load_balancing": [
                  {
                    "disabled": false
                  }
                ],
                "network_policy_config": [
                  {
                    "disabled": true
                  }
                ],
                "ray_operator_config": [],
                "stateful_ha_config": []
              }
            ],
            "allow_net_admin": null,
            "authenticator_groups_config": [],
            "binary_authorization": [
              {
                "enabled": false,
                "evaluation_mode": ""
              }
            ],
            "cluster_autoscaling": [
              {
                "auto_provisioning_defaults": [],
                "auto_provisioning_locations": [],
                "autoscaling_profile": "BALANCED",
                "enabled": false,
                "resource_limits": []
              }
            ],
            "cluster_ipv4_cidr": "10.68.0.0/14",
            "confidential_nodes": [],
            "cost_management_config": [],
            "database_encryption": [
              {
                "key_name": "",
                "state": "DECRYPTED"
              }
            ],
            "datapath_provider": "",
            "default_max_pods_per_node": 110,
            "default_snat_status": [
              {
                "disabled": false
              }
            ],
            "deletion_protection": true,
            "description": "",
            "dns_config": [],
            "enable_autopilot": false,
            "enable_cilium_clusterwide_network_policy": false,
            "enable_intranode_visibility": false,
            "enable_k8s_beta_apis": [],
            "enable_kubernetes_alpha": false,
            "enable_l4_ilb_subsetting": false,
            "enable_legacy_abac": false,
            "enable_multi_networking": false,
            "enable_shielded_nodes": true,
            "enable_tpu": false,
            "endpoint": "35.240.150.111",
            "fleet": [],
            "gateway_api_config": [],
            "id": "projects/enterprise-452702/locations/asia-southeast1-a/clusters/techworld-cluster",
            "identity_service_config": [],
            "initial_node_count": 1,
            "ip_allocation_policy": [
              {
                "additional_pod_ranges_config": [],
                "cluster_ipv4_cidr_block": "10.68.0.0/14",
                "cluster_secondary_range_name": "gke-techworld-cluster-pods-59806081",
                "pod_cidr_overprovision_config": [
                  {
                    "disabled": false
                  }
                ],
                "services_ipv4_cidr_block": "34.118.224.0/20",
                "services_secondary_range_name": "",
                "stack_type": "IPV4"
              }
            ],
            "label_fingerprint": "a9dc16a7",
            "location": "asia-southeast1-a",
            "logging_config": [
              {
                "enable_components": [
                  "SYSTEM_COMPONENTS",
                  "WORKLOADS"
                ]
              }
            ],
            "logging_service": "logging.googleapis.com/kubernetes",
            "maintenance_policy": [],
            "master_auth": [
              {
                "client_certificate": "",
                "client_certificate_config": [
                  {
                    "issue_client_certificate": false
                  }
                ],
                "client_key": "",
                "cluster_ca_certificate": "LS0tLS1CRUdJTiBDRVJUSUZJQ0FURS0tLS0tCk1JSUVMRENDQXBTZ0F3SUJBZ0lRY2c4ZWlGck1IUzc5TWJzSWVVSmVSekFOQmdrcWhraUc5dzBCQVFzRkFEQXYKTVMwd0t3WURWUVFERXlRMFpHVmlPVEk0WVMxbFptTXpMVFJrT0dVdFlURTVNUzFrT1RsaU5qSmxNRFV5TXpBdwpJQmNOTWpVd05USXdNakV3TXpFM1doZ1BNakExTlRBMU1UTXlNakF6TVRkYU1DOHhMVEFyQmdOVkJBTVRKRFJrClpXSTVNamhoTFdWbVl6TXROR1E0WlMxaE1Ua3hMV1E1T1dJMk1tVXdOVEl6TURDQ0FhSXdEUVlKS29aSWh2Y04KQVFFQkJRQURnZ0dQQURDQ0FZb0NnZ0dCQU81T1B2dEJmRUV3ZWkvTHM2UVBXQjNucjc0Vm45NDlVY0drUDhlNwpoRnJKdFZNcmh3V1I3cUhSbG9WbXk2dTdvaTFDcmpJalZmdXV3amc1MGk2aUViWmE3cStJMWZQRDJnbktqQUJPClpIZXVMcnNFanQxYkJKKzJQNGhkeEFEcWNLQWFqVVhoZWhPK1Z5UW1XVEZlcWpxamN4aFpJSFV1WWxTbStwa0oKZlJUQjlnYU1VQTNPZE1RSm1FUXUvSmMvRnlFcmNoK01kZ0dwNzhRcTIwL0M4andGM2NwRXFuSHNKM1VmVTVxaQpHMWE0RkNncWU2eGQrMDU1Z0NUaDB1elJHZ2NOWmdEdHdMVTZYS09SRzNmbmdwZkpHU0JYaFJtVWEwWFV5em5RCnJTaU1RK0V0bS9FR0dkamNwYnVUa2hkMy94MG1VSFZXR0hSclIrQ3ZnRWlwdVN0R05XN0tWSHJZS0djU0YyalMKMzFsNUdwZUFrcWE1Z2ZUZG1oN3JER3gxa05lVFFUSjZ5RU5kWnRzVVp6T1RoYlVRMDYvYUJWakhSMTkzWkEwaQpMeG1BYUtDbldiVjFpdmNWNTlSUURXbjdrM0l5MlV4bG9QSEVhWkUyaWxMZkxrM0xnNGxHNWJVWHhpb1N3ZThrClRTYVQxcHdCNlpXbnN5WGtLZXlyb3RKbWdRSURBUUFCbzBJd1FEQU9CZ05WSFE4QkFmOEVCQU1DQWdRd0R3WUQKVlIwVEFRSC9CQVV3QXdFQi96QWRCZ05WSFE0RUZnUVVmNzdER3dIRG1ZUDIyZi9wT3Bodll3VklQRDh3RFFZSgpLb1pJaHZjTkFRRUxCUUFEZ2dHQkFPcTVlY2FydmVOaGJTcUtucVV6bVd2RUFxbThaMHV6eHhTSE1UK0tBeWpDCnJHT2VBSDJTYVJhVmcvTnNyK3MrY29UNmVodnpET1lxM2d4bmppeENBR0dTWHBrOXE3ZG9kL0l2Vi9mL1BIOHIKMWxWWnkyRUxucnEwUHE4dTZyUE5LK0cxU1Q5ak8zU1FkOFhHTXYyNmZOdjd1ZlJGVXl6akFXZytiaVQ5ckk2QQpzTVg0MzhYMmRmMURHTnJIVDlvVDQyMHRlWEFvLzgzNGxsTUo4YXpYekdqNks4S1E2aVgxSFJrZXFmMzZoNEZ2CmNYaWl4MG15MFF4ZXRjRy9ZMHRCZi9EMmpwb3lSeVJBTG45eS9VMDZneG05ZkRRQTlJY3dLYi95NkpkeDVpMFIKbE96ZzJJVC9LSHFwWUowU3p1bFdLeDY1empZNnJNVXZaRVBwSUxGZ1ZxaURtQnVrcHhnUTBtSmpmbjdmcXRuZgpSTG1jUHEzK0FzaXBDTEZpQy9lcU1EYmcwNHpWRVdFclRmRFQxZEIxV3ZnNHhQTG8vZytXNVBCNHFmSDNmdWR5Cmt5TTlNeGFmTDNZMi80NjIvcVJDcFFHbkI5K3VOT3pVNHpzSGIwL1JRQU9XRmc4UmZZVUdLWGwxNHlsa0tZY2oKVENkMkRhWVUyR1lxbnZ6Q0x5RnY0UT09Ci0tLS0tRU5EIENFUlRJRklDQVRFLS0tLS0K"
              }
            ],
            "master_authorized_networks_config": [],
            "master_version": "1.32.3-gke.1785003",
            "mesh_certificates": [],
            "min_master_version": null,
            "monitoring_config": [
              {
                "advanced_datapath_observability_config": [
                  {
                    "enable_metrics": false,
                    "enable_relay": false,
                    "relay_mode": "DISABLED"
                  }
                ],
                "enable_components": [
                  "SYSTEM_COMPONENTS",
                  "HPA",
                  "POD",
                  "DAEMONSET",
                  "DEPLOYMENT",
                  "STATEFULSET",
                  "JOBSET",
                  "STORAGE",
                  "CADVISOR",
                  "KUBELET",
                  "DCGM"
                ],
                "managed_prometheus": [
                  {
                    "enabled": true
                  }
                ]
              }
            ],
            "monitoring_service": "monitoring.googleapis.com/kubernetes",
            "name": "techworld-cluster",
            "network": "projects/enterprise-452702/global/networks/default",
            "network_policy": [
              {
                "enabled": false,
                "provider": "PROVIDER_UNSPECIFIED"
              }
            ],
            "networking_mode": "VPC_NATIVE",
            "node_config": [],
            "node_locations": [],
            "node_pool": [],
            "node_pool_auto_config": [
              {
                "network_tags": [],
                "node_kubelet_config": [
                  {
                    "insecure_kubelet_readonly_port_enabled": "FALSE"
                  }
                ],
                "resource_manager_tags": {}
              }
            ],
            "node_pool_defaults": [
              {
                "node_config_defaults": [
                  {
                    "containerd_config": [],
                    "insecure_kubelet_readonly_port_enabled": "FALSE",
                    "logging_variant": "DEFAULT"
                  }
                ]
              }
            ],
            "node_version": "1.32.3-gke.1785003",
            "notification_config": [
              {
                "pubsub": [
                  {
                    "enabled": false,
                    "filter": [],
                    "topic": ""
                  }
                ]
              }
            ],
            "operation": null,
            "private_cluster_config": [
              {
                "enable_private_endpoint": false,
                "enable_private_nodes": false,
                "master_global_access_config": [
                  {
                    "enabled": false
                  }
                ],
                "master_ipv4_cidr_block": "",
                "peering_name": "",
                "private_endpoint": "10.148.0.29",
                "private_endpoint_subnetwork": "",
                "public_endpoint": "35.240.150.111"
              }
            ],
            "private_ipv6_google_access": "",
            "project": "enterprise-452702",
            "release_channel": [
              {
                "channel": "REGULAR"
              }
            ],
            "remove_default_node_pool": true,
            "resource_labels": null,
            "resource_usage_export_config": [],
            "security_posture_config": [
              {
                "mode": "BASIC",
                "vulnerability_mode": "VULNERABILITY_MODE_UNSPECIFIED"
              }
            ],
            "self_link": "https://container.googleapis.com/v1/projects/enterprise-452702/zones/asia-southeast1-a/clusters/techworld-cluster",
            "service_external_ips_config": [
              {
                "enabled": false
              }
            ],
            "services_ipv4_cidr": "34.118.224.0/20",
            "subnetwork": "projects/enterprise-452702/regions/asia-southeast1/subnetworks/default",
            "timeouts": null,
            "tpu_ipv4_cidr_block": "",
            "vertical_pod_autoscaling": [
              {
                "enabled": true
              }
            ],
            "workload_identity_config": []
          },
          "sensitive_attributes": [
            [
              {
                "type": "get_attr",
                "value": "master_auth"
              },
              {
                "type": "index",
                "value": {
                  "value": 0,
                  "type": "number"
                }
              },
              {
                "type": "get_attr",
                "value": "client_key"
              }
            ]
          ],
          "identity_schema_version": 0,
          "private": "eyJlMmJmYjczMC1lY2FhLTExZTYtOGY4OC0zNDM2M2JjN2M0YzAiOnsiY3JlYXRlIjoyNDAwMDAwMDAwMDAwLCJkZWxldGUiOjI0MDAwMDAwMDAwMDAsInJlYWQiOjI0MDAwMDAwMDAwMDAsInVwZGF0ZSI6MzYwMDAwMDAwMDAwMH0sInNjaGVtYV92ZXJzaW9uIjoiMiJ9"
        }
      ]
    },
    {
      "mode": "managed",
      "type": "google_container_node_pool",
      "name": "default_nodes",
      "provider": "provider[\"registry.terraform.io/hashicorp/google\"]",
      "instances": [
        {
          "schema_version": 1,
          "attributes": {
            "autoscaling": [
              {
                "location_policy": "BALANCED",
                "max_node_count": 3,
                "min_node_count": 3,
                "total_max_node_count": 0,
                "total_min_node_count": 0
              }
            ],
            "cluster": "techworld-cluster",
            "id": "projects/enterprise-452702/locations/asia-southeast1-a/clusters/techworld-cluster/nodePools/default-node-pool",
            "initial_node_count": 3,
            "instance_group_urls": [
              "https://www.googleapis.com/compute/v1/projects/enterprise-452702/zones/asia-southeast1-a/instanceGroupManagers/gke-techworld-cluste-default-node-poo-36afab38-grp"
            ],
            "location": "asia-southeast1-a",
            "managed_instance_group_urls": [
              "https://www.googleapis.com/compute/v1/projects/enterprise-452702/zones/asia-southeast1-a/instanceGroups/gke-techworld-cluste-default-node-poo-36afab38-grp"
            ],
            "management": [
              {
                "auto_repair": true,
                "auto_upgrade": true
              }
            ],
            "max_pods_per_node": 110,
            "name": "default-node-pool",
            "name_prefix": "",
            "network_config": [
              {
                "additional_node_network_configs": [],
                "additional_pod_network_configs": [],
                "create_pod_range": false,
                "enable_private_nodes": false,
                "network_performance_config": [],
                "pod_cidr_overprovision_config": [],
                "pod_ipv4_cidr_block": "10.68.0.0/14",
                "pod_range": "gke-techworld-cluster-pods-59806081"
              }
            ],
            "node_config": [
              {
                "advanced_machine_features": [],
                "boot_disk_kms_key": "",
                "confidential_nodes": [],
                "containerd_config": [],
                "disk_size_gb": 30,
                "disk_type": "pd-balanced",
                "effective_taints": [],
                "enable_confidential_storage": false,
                "ephemeral_storage_local_ssd_config": [],
                "fast_socket": [],
                "gcfs_config": [],
                "guest_accelerator": [],
                "gvnic": [],
                "host_maintenance_policy": [],
                "image_type": "UBUNTU_CONTAINERD",
                "kubelet_config": [
                  {
                    "cpu_cfs_quota": false,
                    "cpu_cfs_quota_period": "",
                    "cpu_manager_policy": "",
                    "insecure_kubelet_readonly_port_enabled": "FALSE",
                    "pod_pids_limit": 0
                  }
                ],
                "labels": {
                  "env": "prod"
                },
                "linux_node_config": [],
                "local_nvme_ssd_block_config": [],
                "local_ssd_count": 0,
                "logging_variant": "DEFAULT",
                "machine_type": "e2-medium",
                "metadata": {
                  "disable-legacy-endpoints": "true"
                },
                "min_cpu_platform": "",
                "node_group": "",
                "oauth_scopes": [
                  "https://www.googleapis.com/auth/cloud-platform"
                ],
                "preemptible": false,
                "reservation_affinity": [],
                "resource_labels": {
                  "goog-gke-node-pool-provisioning-model": "on-demand"
                },
                "resource_manager_tags": null,
                "secondary_boot_disks": [],
                "service_account": "default",
                "shielded_instance_config": [
                  {
                    "enable_integrity_monitoring": true,
                    "enable_secure_boot": true
                  }
                ],
                "sole_tenant_config": [],
                "spot": false,
                "tags": [
                  "gke-node"
                ],
                "taint": [],
                "workload_metadata_config": []
              }
            ],
            "node_count": 3,
            "node_locations": [
              "asia-southeast1-a"
            ],
            "operation": null,
            "placement_policy": [],
            "project": "enterprise-452702",
            "queued_provisioning": [],
            "timeouts": null,
            "upgrade_settings": [
              {
                "blue_green_settings": [],
                "max_surge": 1,
                "max_unavailable": 0,
                "strategy": "SURGE"
              }
            ],
            "version": "1.32.3-gke.1785003"
          },
          "sensitive_attributes": [],
          "identity_schema_version": 0,
          "private": "eyJlMmJmYjczMC1lY2FhLTExZTYtOGY4OC0zNDM2M2JjN2M0YzAiOnsiY3JlYXRlIjoxODAwMDAwMDAwMDAwLCJkZWxldGUiOjE4MDAwMDAwMDAwMDAsInVwZGF0ZSI6MTgwMDAwMDAwMDAwMH0sInNjaGVtYV92ZXJzaW9uIjoiMSJ9",
          "dependencies": [
            "google_container_cluster.techworld"
          ]
        }
      ]
    }
  ],
  "check_results": null
}
