{
  "version": 4,
  "terraform_version": "1.12.0",
  "serial": 28,
  "lineage": "527259aa-b130-96b7-a4b9-a83fa6e7fc06",
  "outputs": {},
  "resources": [
    {
      "mode": "managed",
      "type": "google_container_cluster",
      "name": "techworld",
      "provider": "provider[\"registry.terraform.io/hashicorp/google\"]",
      "instances": [
        {
          "schema_version": 2,
          "attributes": {
            "addons_config": [
              {
                "cloudrun_config": [],
                "config_connector_config": [],
                "dns_cache_config": [],
                "gce_persistent_disk_csi_driver_config": [
                  {
                    "enabled": true
                  }
                ],
                "gcp_filestore_csi_driver_config": [],
                "gcs_fuse_csi_driver_config": [],
                "gke_backup_agent_config": [],
                "horizontal_pod_autoscaling": [],
                "http_load_balancing": [
                  {
                    "disabled": false
                  }
                ],
                "network_policy_config": [
                  {
                    "disabled": true
                  }
                ],
                "ray_operator_config": [],
                "stateful_ha_config": []
              }
            ],
            "allow_net_admin": null,
            "authenticator_groups_config": [],
            "binary_authorization": [
              {
                "enabled": false,
                "evaluation_mode": ""
              }
            ],
            "cluster_autoscaling": [
              {
                "auto_provisioning_defaults": [],
                "auto_provisioning_locations": [],
                "autoscaling_profile": "BALANCED",
                "enabled": false,
                "resource_limits": []
              }
            ],
            "cluster_ipv4_cidr": "10.108.0.0/14",
            "confidential_nodes": [],
            "cost_management_config": [],
            "database_encryption": [
              {
                "key_name": "",
                "state": "DECRYPTED"
              }
            ],
            "datapath_provider": "",
            "default_max_pods_per_node": 110,
            "default_snat_status": [
              {
                "disabled": false
              }
            ],
            "deletion_protection": true,
            "description": "",
            "dns_config": [],
            "enable_autopilot": false,
            "enable_cilium_clusterwide_network_policy": false,
            "enable_intranode_visibility": false,
            "enable_k8s_beta_apis": [],
            "enable_kubernetes_alpha": false,
            "enable_l4_ilb_subsetting": false,
            "enable_legacy_abac": false,
            "enable_multi_networking": false,
            "enable_shielded_nodes": true,
            "enable_tpu": false,
            "endpoint": "35.240.150.111",
            "fleet": [],
            "gateway_api_config": [],
            "id": "projects/enterprise-452702/locations/asia-southeast1-a/clusters/techworld-cluster",
            "identity_service_config": [],
            "initial_node_count": 1,
            "ip_allocation_policy": [
              {
                "additional_pod_ranges_config": [],
                "cluster_ipv4_cidr_block": "10.108.0.0/14",
                "cluster_secondary_range_name": "gke-techworld-cluster-pods-afe5e3ea",
                "pod_cidr_overprovision_config": [
                  {
                    "disabled": false
                  }
                ],
                "services_ipv4_cidr_block": "34.118.224.0/20",
                "services_secondary_range_name": "",
                "stack_type": "IPV4"
              }
            ],
            "label_fingerprint": "a9dc16a7",
            "location": "asia-southeast1-a",
            "logging_config": [
              {
                "enable_components": [
                  "SYSTEM_COMPONENTS",
                  "WORKLOADS"
                ]
              }
            ],
            "logging_service": "logging.googleapis.com/kubernetes",
            "maintenance_policy": [],
            "master_auth": [
              {
                "client_certificate": "",
                "client_certificate_config": [
                  {
                    "issue_client_certificate": false
                  }
                ],
                "client_key": "",
                "cluster_ca_certificate": "LS0tLS1CRUdJTiBDRVJUSUZJQ0FURS0tLS0tCk1JSUVMRENDQXBTZ0F3SUJBZ0lRRFJJbTNJemVhMzZvUUdtTTIxMmxZVEFOQmdrcWhraUc5dzBCQVFzRkFEQXYKTVMwd0t3WURWUVFERXlRME5XWXdPVFZoWWkwek1qWXhMVFJoWTJJdE9XVmhPQzAwTURrMllUSTROMlJpWWpRdwpJQmNOTWpVd05USXhNRFUxTkRVNFdoZ1BNakExTlRBMU1UUXdOalUwTlRoYU1DOHhMVEFyQmdOVkJBTVRKRFExClpqQTVOV0ZpTFRNeU5qRXROR0ZqWWkwNVpXRTRMVFF3T1RaaE1qZzNaR0ppTkRDQ0FhSXdEUVlKS29aSWh2Y04KQVFFQkJRQURnZ0dQQURDQ0FZb0NnZ0dCQUxOU05ZYTB4bGlLL1pxdy8xV2k5S2dObUZUYjY3aFhEUDBxam4xdApFU05sRUpKUlZocVFZYnV0Z0UyTm5uUkpobmxveVJSOXJ5WHlyVmNjaWtKYlJOSW1jY1FQM0ZxWVU0Rm0xSHdCClJITTFUNHo4Nkt3d2ZvazBnVm9ERjY5WFVOMUUxelFadDd0UWhGTUxDM1kwdFhYWmxnQmRZcjM0cDBoUXhBaHIKL0NwR1RZQjBFVk5NTENpQW12RW1nQzVlVXhPWU9kOU91eWxnRmc0bFFoTlJiaHJPTG1qVXIwZTZyZ0VZNHE5Qgo3Q1d0Z0E4amE2TEJZREZnN3I3d2JrT29xYUtuRStodExLUmlLWVJtVklXelpLSDZ5SnNVeGxzWEtXbUlXdUNoCjNtZ0JmSTR1cjhDa0tUVlNaM2ZHbUVPMXdxREtJUXhXVnRoVGxwNHRqdEk0SzZoVEdRRzV0MkJJTmtBcGJEQnQKbE04dVY3aEtvNkc1R0RlTGt0Y3lKcGZXL2p6M2pCcXBOSE44TjdIZTJWd21ZcjVyWnN2SVQyaExjSkJaajR1Tgp0WExLL3M2K2RSUE8rV2lMdktkMmJWa0srdUZhWGpsMnMxU0NMdlhVQXV6Y2d6clVmMGJiY0tEb3pncUY5U3BzCllMTjRDbUJJYURET0ZmVlhMRS9XekZNZmp3SURBUUFCbzBJd1FEQU9CZ05WSFE4QkFmOEVCQU1DQWdRd0R3WUQKVlIwVEFRSC9CQVV3QXdFQi96QWRCZ05WSFE0RUZnUVUwOTFjbDVpZXRoVm03Rk9WS2tWSGZveWhTSUF3RFFZSgpLb1pJaHZjTkFRRUxCUUFEZ2dHQkFJbWEramU3NFJjQ01NeDJGbFpNZlY4VGp0NTRXSThzNlcwb0NNRjVrN3h0CjFXYmxJbjFUUXllbHp0SXR2eGp6cXVxTkFBQ2gydWp1RWNsMWw0WHcyOVJtZUpVS05nNEVxVnZrSmZMbndPYjAKWVU3U3FjMDMzQzZzb3VxVzdnMDl6azVLTHpocnUrQnMwZFdmRTFkQXplYzc1ZzlWUFNLTHdEWmo5dXZHK0VHRApiaDhwKzBHVDNVTnhka3ZSZ3Y4VVlsUVUrUXlMbktYWFQzeXZidHFuVVVJWTV0ckxHZE9KVWY1azlGYm5TejJHClZDQ0FKWFVmVGpiZDVYWFFpeEJVdTQ2YStkOFhST085UUgvWHhUVlI3S2xINmVaVHZBOVNaTW52akFYa3VDZ3kKaGdvZ3ZQTFRsTXNhcldDWVA0SGJ4MWxhSTY0aEFGOVp2V00yV0prRW1tQUtDeW5CdkpIQ3Bsc2RyOXBPSnJlbgp5S3RyNmh5SFpkNE53TmRzV0pCNUxXSzlVclk3R1VvUUtpY2I0aU91TWtGMHVqTUQwQjdVWDFRRGs4MTBJUkRsCnRmLzl0STFZR3hTa0VvdzAxNXJ3VmlDMWpFdUJKWHJaci9xMC94Vmk2K3lpRFp1dVpSZlBBSEpmT2VFaDdhKy8KQjNGc00vTENCZHNPWklDU09heEZTQT09Ci0tLS0tRU5EIENFUlRJRklDQVRFLS0tLS0K"
              }
            ],
            "master_authorized_networks_config": [],
            "master_version": "1.32.3-gke.1785003",
            "mesh_certificates": [],
            "min_master_version": null,
            "monitoring_config": [
              {
                "advanced_datapath_observability_config": [
                  {
                    "enable_metrics": false,
                    "enable_relay": false,
                    "relay_mode": "DISABLED"
                  }
                ],
                "enable_components": [
                  "SYSTEM_COMPONENTS",
                  "DAEMONSET",
                  "DEPLOYMENT",
                  "STATEFULSET",
                  "JOBSET",
                  "STORAGE",
                  "HPA",
                  "POD",
                  "CADVISOR",
                  "KUBELET",
                  "DCGM"
                ],
                "managed_prometheus": [
                  {
                    "enabled": true
                  }
                ]
              }
            ],
            "monitoring_service": "monitoring.googleapis.com/kubernetes",
            "name": "techworld-cluster",
            "network": "projects/enterprise-452702/global/networks/default",
            "network_policy": [
              {
                "enabled": false,
                "provider": "PROVIDER_UNSPECIFIED"
              }
            ],
            "networking_mode": "VPC_NATIVE",
            "node_config": [],
            "node_locations": [],
            "node_pool": [],
            "node_pool_auto_config": [
              {
                "network_tags": [],
                "node_kubelet_config": [
                  {
                    "insecure_kubelet_readonly_port_enabled": "FALSE"
                  }
                ],
                "resource_manager_tags": {}
              }
            ],
            "node_pool_defaults": [
              {
                "node_config_defaults": [
                  {
                    "containerd_config": [],
                    "insecure_kubelet_readonly_port_enabled": "FALSE",
                    "logging_variant": "DEFAULT"
                  }
                ]
              }
            ],
            "node_version": "1.32.3-gke.1785003",
            "notification_config": [
              {
                "pubsub": [
                  {
                    "enabled": false,
                    "filter": [],
                    "topic": ""
                  }
                ]
              }
            ],
            "operation": null,
            "private_cluster_config": [
              {
                "enable_private_endpoint": false,
                "enable_private_nodes": false,
                "master_global_access_config": [
                  {
                    "enabled": false
                  }
                ],
                "master_ipv4_cidr_block": "",
                "peering_name": "",
                "private_endpoint": "10.148.0.34",
                "private_endpoint_subnetwork": "",
                "public_endpoint": "35.240.150.111"
              }
            ],
            "private_ipv6_google_access": "",
            "project": "enterprise-452702",
            "release_channel": [
              {
                "channel": "REGULAR"
              }
            ],
            "remove_default_node_pool": true,
            "resource_labels": null,
            "resource_usage_export_config": [],
            "security_posture_config": [
              {
                "mode": "BASIC",
                "vulnerability_mode": "VULNERABILITY_MODE_UNSPECIFIED"
              }
            ],
            "self_link": "https://container.googleapis.com/v1/projects/enterprise-452702/zones/asia-southeast1-a/clusters/techworld-cluster",
            "service_external_ips_config": [
              {
                "enabled": false
              }
            ],
            "services_ipv4_cidr": "34.118.224.0/20",
            "subnetwork": "projects/enterprise-452702/regions/asia-southeast1/subnetworks/default",
            "timeouts": null,
            "tpu_ipv4_cidr_block": "",
            "vertical_pod_autoscaling": [
              {
                "enabled": true
              }
            ],
            "workload_identity_config": []
          },
          "sensitive_attributes": [
            [
              {
                "type": "get_attr",
                "value": "master_auth"
              },
              {
                "type": "index",
                "value": {
                  "value": 0,
                  "type": "number"
                }
              },
              {
                "type": "get_attr",
                "value": "client_key"
              }
            ]
          ],
          "identity_schema_version": 0,
          "private": "eyJlMmJmYjczMC1lY2FhLTExZTYtOGY4OC0zNDM2M2JjN2M0YzAiOnsiY3JlYXRlIjoyNDAwMDAwMDAwMDAwLCJkZWxldGUiOjI0MDAwMDAwMDAwMDAsInJlYWQiOjI0MDAwMDAwMDAwMDAsInVwZGF0ZSI6MzYwMDAwMDAwMDAwMH0sInNjaGVtYV92ZXJzaW9uIjoiMiJ9"
        }
      ]
    },
    {
      "mode": "managed",
      "type": "google_container_node_pool",
      "name": "default_nodes",
      "provider": "provider[\"registry.terraform.io/hashicorp/google\"]",
      "instances": [
        {
          "schema_version": 1,
          "attributes": {
            "autoscaling": [
              {
                "location_policy": "BALANCED",
                "max_node_count": 3,
                "min_node_count": 3,
                "total_max_node_count": 0,
                "total_min_node_count": 0
              }
            ],
            "cluster": "techworld-cluster",
            "id": "projects/enterprise-452702/locations/asia-southeast1-a/clusters/techworld-cluster/nodePools/default-node-pool",
            "initial_node_count": 3,
            "instance_group_urls": [
              "https://www.googleapis.com/compute/v1/projects/enterprise-452702/zones/asia-southeast1-a/instanceGroupManagers/gke-techworld-cluste-default-node-poo-41fc29cb-grp"
            ],
            "location": "asia-southeast1-a",
            "managed_instance_group_urls": [
              "https://www.googleapis.com/compute/v1/projects/enterprise-452702/zones/asia-southeast1-a/instanceGroups/gke-techworld-cluste-default-node-poo-41fc29cb-grp"
            ],
            "management": [
              {
                "auto_repair": true,
                "auto_upgrade": true
              }
            ],
            "max_pods_per_node": 110,
            "name": "default-node-pool",
            "name_prefix": "",
            "network_config": [
              {
                "additional_node_network_configs": [],
                "additional_pod_network_configs": [],
                "create_pod_range": false,
                "enable_private_nodes": false,
                "network_performance_config": [],
                "pod_cidr_overprovision_config": [],
                "pod_ipv4_cidr_block": "10.108.0.0/14",
                "pod_range": "gke-techworld-cluster-pods-afe5e3ea"
              }
            ],
            "node_config": [
              {
                "advanced_machine_features": [],
                "boot_disk_kms_key": "",
                "confidential_nodes": [],
                "containerd_config": [],
                "disk_size_gb": 30,
                "disk_type": "pd-balanced",
                "effective_taints": [],
                "enable_confidential_storage": false,
                "ephemeral_storage_local_ssd_config": [],
                "fast_socket": [],
                "gcfs_config": [],
                "guest_accelerator": [],
                "gvnic": [],
                "host_maintenance_policy": [],
                "image_type": "UBUNTU_CONTAINERD",
                "kubelet_config": [
                  {
                    "cpu_cfs_quota": false,
                    "cpu_cfs_quota_period": "",
                    "cpu_manager_policy": "",
                    "insecure_kubelet_readonly_port_enabled": "FALSE",
                    "pod_pids_limit": 0
                  }
                ],
                "labels": {
                  "env": "prod"
                },
                "linux_node_config": [],
                "local_nvme_ssd_block_config": [],
                "local_ssd_count": 0,
                "logging_variant": "DEFAULT",
                "machine_type": "e2-medium",
                "metadata": {
                  "disable-legacy-endpoints": "true"
                },
                "min_cpu_platform": "",
                "node_group": "",
                "oauth_scopes": [
                  "https://www.googleapis.com/auth/cloud-platform"
                ],
                "preemptible": false,
                "reservation_affinity": [],
                "resource_labels": {
                  "goog-gke-node-pool-provisioning-model": "on-demand"
                },
                "resource_manager_tags": null,
                "secondary_boot_disks": [],
                "service_account": "default",
                "shielded_instance_config": [
                  {
                    "enable_integrity_monitoring": true,
                    "enable_secure_boot": true
                  }
                ],
                "sole_tenant_config": [],
                "spot": false,
                "tags": [
                  "gke-node"
                ],
                "taint": [],
                "workload_metadata_config": []
              }
            ],
            "node_count": 3,
            "node_locations": [
              "asia-southeast1-a"
            ],
            "operation": null,
            "placement_policy": [],
            "project": "enterprise-452702",
            "queued_provisioning": [],
            "timeouts": null,
            "upgrade_settings": [
              {
                "blue_green_settings": [],
                "max_surge": 1,
                "max_unavailable": 0,
                "strategy": "SURGE"
              }
            ],
            "version": "1.32.3-gke.1785003"
          },
          "sensitive_attributes": [],
          "identity_schema_version": 0,
          "private": "eyJlMmJmYjczMC1lY2FhLTExZTYtOGY4OC0zNDM2M2JjN2M0YzAiOnsiY3JlYXRlIjoxODAwMDAwMDAwMDAwLCJkZWxldGUiOjE4MDAwMDAwMDAwMDAsInVwZGF0ZSI6MTgwMDAwMDAwMDAwMH0sInNjaGVtYV92ZXJzaW9uIjoiMSJ9",
          "dependencies": [
            "google_container_cluster.techworld"
          ]
        }
      ]
    }
  ],
  "check_results": null
}
